
Microsoft Visual Studio Solution File, Format Version 12.00
# Visual Studio Version 18
VisualStudioVersion = 18.0.11205.157 d18.0
MinimumVisualStudioVersion = 10.0.40219.1
Project("{9A19103F-16F7-4668-BE54-9A1E7A4F7556}") = "Goldfinch.Web", "src\Goldfinch.Web\Goldfinch.Web.csproj", "{15C4A0CA-7DF7-4B72-AC66-87FE759854B7}"
EndProject
Project("{9A19103F-16F7-4668-BE54-9A1E7A4F7556}") = "Goldfinch.Core", "src\Goldfinch.Core\Goldfinch.Core.csproj", "{4EFF801A-E1FD-4E77-9140-BBF1A0CE995B}"
EndProject
Project("{9A19103F-16F7-4668-BE54-9A1E7A4F7556}") = "Goldfinch.Admin", "src\Goldfinch.Admin\Goldfinch.Admin.csproj", "{DBF70678-D583-4121-AF08-902B23369AF6}"
EndProject
Project("{2150E333-8FDC-42A3-9474-1A3956D46DE8}") = "build", "build", "{554B1D20-D7E3-4912-AE2A-3F703C5A495E}"
	ProjectSection(SolutionItems) = preProject
		Directory.Build.props = Directory.Build.props
		Directory.Packages.props = Directory.Packages.props
		global.json = global.json
	EndProjectSection
EndProject
Project("{2150E333-8FDC-42A3-9474-1A3956D46DE8}") = "config", "config", "{6781B38C-7222-42A3-87E8-B683843785DB}"
	ProjectSection(SolutionItems) = preProject
		.editorconfig = .editorconfig
		.gitignore = .gitignore
		.mcp.json = .mcp.json
		nuget.config = nuget.config
	EndProjectSection
EndProject
Project("{2150E333-8FDC-42A3-9474-1A3956D46DE8}") = "docs", "docs", "{AB96C37A-E209-4426-BF48-914746981B6F}"
	ProjectSection(SolutionItems) = preProject
		docs\Code-Generation.md = docs\Code-Generation.md
		README.md = README.md
	EndProjectSection
EndProject
Project("{2150E333-8FDC-42A3-9474-1A3956D46DE8}") = "src", "src", "{346F6AC3-79FE-4E00-9F09-DACBC6013EFC}"
EndProject
Project("{2150E333-8FDC-42A3-9474-1A3956D46DE8}") = "tests", "tests", "{0AB3BF05-4346-4AA6-1389-037BE0695223}"
EndProject
Project("{FAE04EC0-301F-11D3-BF4B-00C04F79EFBC}") = "Goldfinch.Tests.E2E", "tests\Goldfinch.Tests.E2E\Goldfinch.Tests.E2E.csproj", "{8CB3A862-3991-4093-B7B1-EB94B2A07A4C}"
EndProject
Global
	GlobalSection(SolutionConfigurationPlatforms) = preSolution
		Debug|Any CPU = Debug|Any CPU
		Debug|x64 = Debug|x64
		Debug|x86 = Debug|x86
		Release|Any CPU = Release|Any CPU
		Release|x64 = Release|x64
		Release|x86 = Release|x86
	EndGlobalSection
	GlobalSection(ProjectConfigurationPlatforms) = postSolution
		{15C4A0CA-7DF7-4B72-AC66-87FE759854B7}.Debug|Any CPU.ActiveCfg = Debug|Any CPU
		{15C4A0CA-7DF7-4B72-AC66-87FE759854B7}.Debug|Any CPU.Build.0 = Debug|Any CPU
		{15C4A0CA-7DF7-4B72-AC66-87FE759854B7}.Debug|x64.ActiveCfg = Debug|Any CPU
		{15C4A0CA-7DF7-4B72-AC66-87FE759854B7}.Debug|x64.Build.0 = Debug|Any CPU
		{15C4A0CA-7DF7-4B72-AC66-87FE759854B7}.Debug|x86.ActiveCfg = Debug|Any CPU
		{15C4A0CA-7DF7-4B72-AC66-87FE759854B7}.Debug|x86.Build.0 = Debug|Any CPU
		{15C4A0CA-7DF7-4B72-AC66-87FE759854B7}.Release|Any CPU.ActiveCfg = Release|Any CPU
		{15C4A0CA-7DF7-4B72-AC66-87FE759854B7}.Release|Any CPU.Build.0 = Release|Any CPU
		{15C4A0CA-7DF7-4B72-AC66-87FE759854B7}.Release|x64.ActiveCfg = Release|Any CPU
		{15C4A0CA-7DF7-4B72-AC66-87FE759854B7}.Release|x64.Build.0 = Release|Any CPU
		{15C4A0CA-7DF7-4B72-AC66-87FE759854B7}.Release|x86.ActiveCfg = Release|Any CPU
		{15C4A0CA-7DF7-4B72-AC66-87FE759854B7}.Release|x86.Build.0 = Release|Any CPU
		{4EFF801A-E1FD-4E77-9140-BBF1A0CE995B}.Debug|Any CPU.ActiveCfg = Debug|Any CPU
		{4EFF801A-E1FD-4E77-9140-BBF1A0CE995B}.Debug|Any CPU.Build.0 = Debug|Any CPU
		{4EFF801A-E1FD-4E77-9140-BBF1A0CE995B}.Debug|x64.ActiveCfg = Debug|Any CPU
		{4EFF801A-E1FD-4E77-9140-BBF1A0CE995B}.Debug|x64.Build.0 = Debug|Any CPU
		{4EFF801A-E1FD-4E77-9140-BBF1A0CE995B}.Debug|x86.ActiveCfg = Debug|Any CPU
		{4EFF801A-E1FD-4E77-9140-BBF1A0CE995B}.Debug|x86.Build.0 = Debug|Any CPU
		{4EFF801A-E1FD-4E77-9140-BBF1A0CE995B}.Release|Any CPU.ActiveCfg = Release|Any CPU
		{4EFF801A-E1FD-4E77-9140-BBF1A0CE995B}.Release|Any CPU.Build.0 = Release|Any CPU
		{4EFF801A-E1FD-4E77-9140-BBF1A0CE995B}.Release|x64.ActiveCfg = Release|Any CPU
		{4EFF801A-E1FD-4E77-9140-BBF1A0CE995B}.Release|x64.Build.0 = Release|Any CPU
		{4EFF801A-E1FD-4E77-9140-BBF1A0CE995B}.Release|x86.ActiveCfg = Release|Any CPU
		{4EFF801A-E1FD-4E77-9140-BBF1A0CE995B}.Release|x86.Build.0 = Release|Any CPU
		{DBF70678-D583-4121-AF08-902B23369AF6}.Debug|Any CPU.ActiveCfg = Debug|Any CPU
		{DBF70678-D583-4121-AF08-902B23369AF6}.Debug|Any CPU.Build.0 = Debug|Any CPU
		{DBF70678-D583-4121-AF08-902B23369AF6}.Debug|x64.ActiveCfg = Debug|Any CPU
		{DBF70678-D583-4121-AF08-902B23369AF6}.Debug|x64.Build.0 = Debug|Any CPU
		{DBF70678-D583-4121-AF08-902B23369AF6}.Debug|x86.ActiveCfg = Debug|Any CPU
		{DBF70678-D583-4121-AF08-902B23369AF6}.Debug|x86.Build.0 = Debug|Any CPU
		{DBF70678-D583-4121-AF08-902B23369AF6}.Release|Any CPU.ActiveCfg = Release|Any CPU
		{DBF70678-D583-4121-AF08-902B23369AF6}.Release|Any CPU.Build.0 = Release|Any CPU
		{DBF70678-D583-4121-AF08-902B23369AF6}.Release|x64.ActiveCfg = Release|Any CPU
		{DBF70678-D583-4121-AF08-902B23369AF6}.Release|x64.Build.0 = Release|Any CPU
		{DBF70678-D583-4121-AF08-902B23369AF6}.Release|x86.ActiveCfg = Release|Any CPU
		{DBF70678-D583-4121-AF08-902B23369AF6}.Release|x86.Build.0 = Release|Any CPU
		{8CB3A862-3991-4093-B7B1-EB94B2A07A4C}.Debug|Any CPU.ActiveCfg = Debug|Any CPU
		{8CB3A862-3991-4093-B7B1-EB94B2A07A4C}.Debug|Any CPU.Build.0 = Debug|Any CPU
		{8CB3A862-3991-4093-B7B1-EB94B2A07A4C}.Debug|x64.ActiveCfg = Debug|Any CPU
		{8CB3A862-3991-4093-B7B1-EB94B2A07A4C}.Debug|x64.Build.0 = Debug|Any CPU
		{8CB3A862-3991-4093-B7B1-EB94B2A07A4C}.Debug|x86.ActiveCfg = Debug|Any CPU
		{8CB3A862-3991-4093-B7B1-EB94B2A07A4C}.Debug|x86.Build.0 = Debug|Any CPU
		{8CB3A862-3991-4093-B7B1-EB94B2A07A4C}.Release|Any CPU.ActiveCfg = Release|Any CPU
		{8CB3A862-3991-4093-B7B1-EB94B2A07A4C}.Release|Any CPU.Build.0 = Release|Any CPU
		{8CB3A862-3991-4093-B7B1-EB94B2A07A4C}.Release|x64.ActiveCfg = Release|Any CPU
		{8CB3A862-3991-4093-B7B1-EB94B2A07A4C}.Release|x64.Build.0 = Release|Any CPU
		{8CB3A862-3991-4093-B7B1-EB94B2A07A4C}.Release|x86.ActiveCfg = Release|Any CPU
		{8CB3A862-3991-4093-B7B1-EB94B2A07A4C}.Release|x86.Build.0 = Release|Any CPU
	EndGlobalSection
	GlobalSection(SolutionProperties) = preSolution
		HideSolutionNode = FALSE
	EndGlobalSection
	GlobalSection(NestedProjects) = preSolution
		{15C4A0CA-7DF7-4B72-AC66-87FE759854B7} = {346F6AC3-79FE-4E00-9F09-DACBC6013EFC}
		{4EFF801A-E1FD-4E77-9140-BBF1A0CE995B} = {346F6AC3-79FE-4E00-9F09-DACBC6013EFC}
		{DBF70678-D583-4121-AF08-902B23369AF6} = {346F6AC3-79FE-4E00-9F09-DACBC6013EFC}
		{8CB3A862-3991-4093-B7B1-EB94B2A07A4C} = {0AB3BF05-4346-4AA6-1389-037BE0695223}
	EndGlobalSection
	GlobalSection(ExtensibilityGlobals) = postSolution
		SolutionGuid = {830A8FBB-0EF3-4B8B-BA8C-AAC2E8884A5A}
	EndGlobalSection
EndGlobal
